# THIS IS AN AUTOGENERATED FILE. DO NOT EDIT THIS FILE DIRECTLY.
# yarn lockfile v1


"@popperjs/core@^2.11.1":
  version "2.11.1"
  resolved "https://registry.yarnpkg.com/@popperjs/core/-/core-2.11.1.tgz#81178278931b46924f4b9d08e9caf65ba91e3a7f"
  integrity sha512-lfBpADue1tq3+ZLp7E/r8qQB2XWlrml6BuwDzeJ3cNx7h2K1ww5mCs0Vdt9S5EIJHalPifCTt3TFtCTmnQetlA==
  dependencies:
    closure-compiler "^0.2.12"

anymatch@~3.1.2:
  version "3.1.2"
  resolved "https://registry.yarnpkg.com/anymatch/-/anymatch-3.1.2.tgz#c0557c096af32f106198f4f4e2a383537e378716"
  integrity sha512-P43ePfOAIupkguHUycrc4qJ9kz8ZiuOUijaETwX7THt0Y/GNK7v0aa8rY816xWjZ7rJdA5XdMcpVFTKMq+RvWg==
  dependencies:
    normalize-path "^3.0.0"
    picomatch "^2.0.4"

binary-extensions@^2.0.0:
  version "2.2.0"
  resolved "https://registry.yarnpkg.com/binary-extensions/-/binary-extensions-2.2.0.tgz#75f502eeaf9ffde42fc98829645be4ea76bd9e2d"
  integrity sha512-jDctJ/IVQbZoJykoeHbhXpOlNBqGNcwXJKJog42E5HDPUwQTSdjCHdihjj0DlnheQ7blbT6dHOafNAiS8ooQKA==

bootstrap@^5.1.3:
  version "5.1.3"
  resolved "https://registry.yarnpkg.com/bootstrap/-/bootstrap-5.1.3.tgz#ba081b0c130f810fa70900acbc1c6d3c28fa8f34"
  integrity sha512-fcQztozJ8jToQWXxVuEyXWW+dSo8AiXWKwiSSrKWsRB/Qt+Ewwza+JWoLKiTuQLaEPhdNAJ7+Dosc9DOIqNy7Q==

braces@~3.0.2:
  version "3.0.2"
  resolved "https://registry.yarnpkg.com/braces/-/braces-3.0.2.tgz#3454e1a462ee8d599e236df336cd9ea4f8afe107"
  integrity sha512-b8um+L1RzM3WDSzvhm6gIz1yfTbBt6YTlcEKAvsmqCZZFw46z626lVj9j1yEPW33H5H+lBQpZMP1k8l+78Ha0A==
  dependencies:
    fill-range "^7.0.1"

"chokidar@>=3.0.0 <4.0.0":
  version "3.5.2"
  resolved "https://registry.yarnpkg.com/chokidar/-/chokidar-3.5.2.tgz#dba3976fcadb016f66fd365021d91600d01c1e75"
  integrity sha512-ekGhOnNVPgT77r4K/U3GDhu+FQ2S8TnK/s2KbIGXi0SZWuwkZ2QNyfWdZW+TVfn84DpEP7rLeCt2UI6bJ8GwbQ==
  dependencies:
    anymatch "~3.1.2"
    braces "~3.0.2"
    glob-parent "~5.1.2"
    is-binary-path "~2.1.0"
    is-glob "~4.0.1"
    normalize-path "~3.0.0"
    readdirp "~3.6.0"
  optionalDependencies:
    fsevents "~2.3.2"

closure-compiler@^0.2.12:
  version "0.2.12"
  resolved "https://registry.yarnpkg.com/closure-compiler/-/closure-compiler-0.2.12.tgz#6c3087cad12742c79e47f0ce50e87af91cf8e171"
  integrity sha1-bDCHytEnQseeR/DOUOh6+Rz44XE=
  dependencies:
    google-closure-compiler "20150901.x"

esbuild-android-arm64@0.14.15:
  version "0.14.15"
  resolved "https://registry.yarnpkg.com/esbuild-android-arm64/-/esbuild-android-arm64-0.14.15.tgz#c0a0c1df4a138d049107a08ce406d2b7294beb34"
  integrity sha512-MXfSrLpK32SqJXGvNOQmUbs06K+kFtZg8uNBcxrsvxDjjI42EXerq+QGdD3zQO1RzbqU1W7c15qAoeQOzwKJxA==

esbuild-darwin-64@0.14.15:
  version "0.14.15"
  resolved "https://registry.yarnpkg.com/esbuild-darwin-64/-/esbuild-darwin-64-0.14.15.tgz#3d87885ba718a2695d3d1e2308e8cb05281ee6ca"
  integrity sha512-leGh21rMfhZq0Rq5Y5xwuhFW6cJ5lxIkTfHSBWtXjicwD5bHACRonaKqcSQRQtUnjfd6mQUdNPH47DOg6ACHLA==

esbuild-darwin-arm64@0.14.15:
  version "0.14.15"
  resolved "https://registry.yarnpkg.com/esbuild-darwin-arm64/-/esbuild-darwin-arm64-0.14.15.tgz#93270f30066bbc2f5b270300c5c2953961343b06"
  integrity sha512-W0e16PACxu/iYpRtSq8fijelsZhKy99uDZEBwtoqEpLF2KZD5/Sz9IfwaVDqm/Q3yEqrf30TGbIJoMc9KNakuQ==

esbuild-freebsd-64@0.14.15:
  version "0.14.15"
  resolved "https://registry.yarnpkg.com/esbuild-freebsd-64/-/esbuild-freebsd-64-0.14.15.tgz#907ae998bcc735684dcc4be96837e72d788f510b"
  integrity sha512-heArH9Z0j9WUJd5zLMSnEZ5eJv0iyJpHNOfDqJyFWMic1UNiD5Akpwfhs+4/zNNf8zKjovmBMQyfbd4i2UyrtA==

esbuild-freebsd-arm64@0.14.15:
  version "0.14.15"
  resolved "https://registry.yarnpkg.com/esbuild-freebsd-arm64/-/esbuild-freebsd-arm64-0.14.15.tgz#766176344003d503bf439950f7f863c69d574420"
  integrity sha512-B9ZR1WXCTSKef9br2SeyKkFqd0xCkOu/alJxdiXs7QnYqydvYmr8LHAW/kq9fufCU3XUzKNr6kKMg4a61yxZsg==

esbuild-linux-32@0.14.15:
  version "0.14.15"
  resolved "https://registry.yarnpkg.com/esbuild-linux-32/-/esbuild-linux-32-0.14.15.tgz#00f1a07c3ce853d29a89e6b4e717b4f18f5e2295"
  integrity sha512-vmClHfPbQCt+E388OTp1b8mo6SnU63ARwlCise/IZZ5XzbAP9Oi3SCCDpZTpLJl0df0bu5xcagZo8fJt1O/3lg==

esbuild-linux-64@0.14.15:
  version "0.14.15"
  resolved "https://registry.yarnpkg.com/esbuild-linux-64/-/esbuild-linux-64-0.14.15.tgz#0dd7099b40b88be871e208e678b5fbe45beb4361"
  integrity sha512-iQLc0KVOYZD7NL5UWrox6hhlE4Jr4mF2xi2EaBR/ntR1T9PUvUrz7hdKiWos8Wtv5Ma05tt+HBRKOmseSTc5Gg==

esbuild-linux-arm64@0.14.15:
  version "0.14.15"
  resolved "https://registry.yarnpkg.com/esbuild-linux-arm64/-/esbuild-linux-arm64-0.14.15.tgz#5cc8e8d28f6d3acd3c10b0980cabf27984e75fb4"
  integrity sha512-OCqCON/ZQBGa0dfqNJ86fSa6zTO0MOR7lT+UGoKShx6G74WuEuTA2HrlOShcCSHr8Ttzc0AoGJJHhZ9ZRNWsPQ==

esbuild-linux-arm@0.14.15:
  version "0.14.15"
  resolved "https://registry.yarnpkg.com/esbuild-linux-arm/-/esbuild-linux-arm-0.14.15.tgz#8cb316ca6db4112305920900ad224cec13b373a2"
  integrity sha512-rMzfdyZTsg27GbWSc2v/z1OVjrPsWAr8zOPkk/6SX4qrChzd3jxw19gLKm/SMfy5lZfkOFfqJhAuInRg+6/KJg==

esbuild-linux-mips64le@0.14.15:
  version "0.14.15"
  resolved "https://registry.yarnpkg.com/esbuild-linux-mips64le/-/esbuild-linux-mips64le-0.14.15.tgz#4c81b2ef5ede2932b66fc18150ab2cef529cf564"
  integrity sha512-ODngnCio7L5pW9hYRdX3fZRw8HrlBm+MDU7hCgZK8kvZz35ba3mt4brKtCDwD98UFP89JYSSNQIsP2xLH/M/Sg==

esbuild-linux-ppc64le@0.14.15:
  version "0.14.15"
  resolved "https://registry.yarnpkg.com/esbuild-linux-ppc64le/-/esbuild-linux-ppc64le-0.14.15.tgz#bf9ec85878ced0dce064cf7c74c9ab3ebbf2511c"
  integrity sha512-9ubsGxM0qNWNVds5qCEWBRuxNeDFDJeTylsZsIo30pMy8rdgR5awNmHJalBg9qIS8nsPmFkTRqAo1hZlOIpZGQ==

esbuild-linux-s390x@0.14.15:
  version "0.14.15"
  resolved "https://registry.yarnpkg.com/esbuild-linux-s390x/-/esbuild-linux-s390x-0.14.15.tgz#5ed46af857676598688f7f23158aa643e94d9275"
  integrity sha512-F92Ca0EqpidlnobeTyCIWtgKangl7TQRByTeQMwraQUUPpwuSS0qN2APQAgwabhtF7ANxVY7UGlUIqNVApVz7Q==

esbuild-netbsd-64@0.14.15:
  version "0.14.15"
  resolved "https://registry.yarnpkg.com/esbuild-netbsd-64/-/esbuild-netbsd-64-0.14.15.tgz#5276d70aaae2fa67d10a5b5aa8603c9d7fb75ab8"
  integrity sha512-jk+lgFOQL0ja1zrygM0r7oQQMKj5TTvALI30qk7yAxodcT9fNebschedJfAha6Up5sdGEe/32Gu4yb4xagmEJA==

esbuild-openbsd-64@0.14.15:
  version "0.14.15"
  resolved "https://registry.yarnpkg.com/esbuild-openbsd-64/-/esbuild-openbsd-64-0.14.15.tgz#945db6fd750327d99a528b3e137d1e565e8c0b94"
  integrity sha512-jXMvH4UMZkFfzioifOxiSC/7PuxyJD3EXrWIhqsHsmjuCs5hreuo9aA3oIlIjk5D9AqHsXS50JrUGG1VAz4mPw==

esbuild-sunos-64@0.14.15:
  version "0.14.15"
  resolved "https://registry.yarnpkg.com/esbuild-sunos-64/-/esbuild-sunos-64-0.14.15.tgz#db6aa7772770003020782033a8cb4a796d20cf4a"
  integrity sha512-J8JsJ/Kg9U3hnKdAmRkDVVR215kYuNWlINgYeCSqNayqRi6+lc41DHxsoV2k048YYLHIn9mTWH0xS3BPUJzKXA==

esbuild-windows-32@0.14.15:
  version "0.14.15"
  resolved "https://registry.yarnpkg.com/esbuild-windows-32/-/esbuild-windows-32-0.14.15.tgz#a1f1d48aeb61a29e2e1df370ba5c4ca000ed5ed4"
  integrity sha512-S6tkET6DXg8mM+2yYutC1JQeS4EtztU6GTE0ff9tHoZekdc91n2LUChmZvHbTI0MZDBy+hYgc9f7pVbVqbEL0g==

esbuild-windows-64@0.14.15:
  version "0.14.15"
  resolved "https://registry.yarnpkg.com/esbuild-windows-64/-/esbuild-windows-64-0.14.15.tgz#35224901dfac47d37a1d3a680bbfc1aa17661c76"
  integrity sha512-xi5SfDNKXL6D98vEnCa0Wq35ULPTkypHOGzBwsSBhmv1+k3YeuwXNxyJLumElibfTZGVSEmH+hhCjCEPbeJgrg==

esbuild-windows-arm64@0.14.15:
  version "0.14.15"
  resolved "https://registry.yarnpkg.com/esbuild-windows-arm64/-/esbuild-windows-arm64-0.14.15.tgz#8c5dd585906b8202c007727555cb2642a87f331a"
  integrity sha512-ylLqTXQoj87OMejTajYOpBXCCxkHo5CpFnDztPZZ34QPGyzUpd4+R4H8hW37GhwywU1Fu5/typBD+AbKe1PwFQ==

esbuild@^0.14.15:
  version "0.14.15"
  resolved "https://registry.yarnpkg.com/esbuild/-/esbuild-0.14.15.tgz#bfed177b6099467cc55fb0f87ef41b3a36f20efa"
  integrity sha512-HfqoMPCSwu/VrHwZFpw7Sb/w9D9mO+cSMfFRKGZKOkme/o5nHdWjF6H5Ss1cOt/JNpqJfGOYbKFbW7jKdEWogw==
  optionalDependencies:
    esbuild-android-arm64 "0.14.15"
    esbuild-darwin-64 "0.14.15"
    esbuild-darwin-arm64 "0.14.15"
    esbuild-freebsd-64 "0.14.15"
    esbuild-freebsd-arm64 "0.14.15"
    esbuild-linux-32 "0.14.15"
    esbuild-linux-64 "0.14.15"
    esbuild-linux-arm "0.14.15"
    esbuild-linux-arm64 "0.14.15"
    esbuild-linux-mips64le "0.14.15"
    esbuild-linux-ppc64le "0.14.15"
    esbuild-linux-s390x "0.14.15"
    esbuild-netbsd-64 "0.14.15"
    esbuild-openbsd-64 "0.14.15"
    esbuild-sunos-64 "0.14.15"
    esbuild-windows-32 "0.14.15"
    esbuild-windows-64 "0.14.15"
    esbuild-windows-arm64 "0.14.15"

fill-range@^7.0.1:
  version "7.0.1"
  resolved "https://registry.yarnpkg.com/fill-range/-/fill-range-7.0.1.tgz#1919a6a7c75fe38b2c7c77e5198535da9acdda40"
  integrity sha512-qOo9F+dMUmC2Lcb4BbVvnKJxTPjCm+RRpe4gDuGrzkL7mEVl/djYSu2OdQ2Pa302N4oqkSg9ir6jaLWJ2USVpQ==
  dependencies:
    to-regex-range "^5.0.1"

fsevents@~2.3.2:
  version "2.3.2"
  resolved "https://registry.yarnpkg.com/fsevents/-/fsevents-2.3.2.tgz#8a526f78b8fdf4623b709e0b975c52c24c02fd1a"
  integrity sha512-xiqMQR4xAeHTuB9uWm+fFRcIOgKBMiOBP+eXiyT7jsgVCq1bkVygt00oASowB7EdtpOHaaPgKt812P9ab+DDKA==

glob-parent@~5.1.2:
  version "5.1.2"
  resolved "https://registry.yarnpkg.com/glob-parent/-/glob-parent-5.1.2.tgz#869832c58034fe68a4093c17dc15e8340d8401c4"
  integrity sha512-AOIgSQCepiJYwP3ARnGx+5VnTu2HBYdzbGP45eLw1vr3zB3vZLeyed1sC9hnbcOc9/SrMyM5RPQrkGz4aS9Zow==
  dependencies:
    is-glob "^4.0.1"

google-closure-compiler@20150901.x:
  version "20150901.0.0"
  resolved "https://registry.yarnpkg.com/google-closure-compiler/-/google-closure-compiler-20150901.0.0.tgz#3d01c6cade65790a9bfb4e30b2158b7635acbade"
  integrity sha1-PQHGyt5leQqb+04wshWLdjWsut4=

immutable@^4.0.0:
  version "4.0.0"
  resolved "https://registry.yarnpkg.com/immutable/-/immutable-4.0.0.tgz#b86f78de6adef3608395efb269a91462797e2c23"
  integrity sha512-zIE9hX70qew5qTUjSS7wi1iwj/l7+m54KWU247nhM3v806UdGj1yDndXj+IOYxxtW9zyLI+xqFNZjTuDaLUqFw==

is-binary-path@~2.1.0:
  version "2.1.0"
  resolved "https://registry.yarnpkg.com/is-binary-path/-/is-binary-path-2.1.0.tgz#ea1f7f3b80f064236e83470f86c09c254fb45b09"
  integrity sha512-ZMERYes6pDydyuGidse7OsHxtbI7WVeUEozgR/g7rd0xUimYNlvZRE/K2MgZTjWy725IfelLeVcEM97mmtRGXw==
  dependencies:
    binary-extensions "^2.0.0"

is-extglob@^2.1.1:
  version "2.1.1"
  resolved "https://registry.yarnpkg.com/is-extglob/-/is-extglob-2.1.1.tgz#a88c02535791f02ed37c76a1b9ea9773c833f8c2"
  integrity sha1-qIwCU1eR8C7TfHahueqXc8gz+MI=

is-glob@^4.0.1, is-glob@~4.0.1:
  version "4.0.3"
  resolved "https://registry.yarnpkg.com/is-glob/-/is-glob-4.0.3.tgz#64f61e42cbbb2eec2071a9dac0b28ba1e65d5084"
  integrity sha512-xelSayHH36ZgE7ZWhli7pW34hNbNl8Ojv5KVmkJD4hBdD3th8Tfk9vYasLM+mXWOZhFkgZfxhLSnrwRr4elSSg==
  dependencies:
    is-extglob "^2.1.1"

is-number@^7.0.0:
  version "7.0.0"
  resolved "https://registry.yarnpkg.com/is-number/-/is-number-7.0.0.tgz#7535345b896734d5f80c4d06c50955527a14f12b"
  integrity sha512-41Cifkg6e8TylSpdtTpeLVMqvSBEVzTttHvERD741+pnZ8ANv0004MRL43QKPDlK9cGvNp6NZWZUBlbGXYxxng==

normalize-path@^3.0.0, normalize-path@~3.0.0:
  version "3.0.0"
  resolved "https://registry.yarnpkg.com/normalize-path/-/normalize-path-3.0.0.tgz#0dcd69ff23a1c9b11fd0978316644a0388216a65"
  integrity sha512-6eZs5Ls3WtCisHWp9S2GUy8dqkpGi4BVSz3GaqiE6ezub0512ESztXUwUB6C6IKbQkY2Pnb/mD4WYojCRwcwLA==

picomatch@^2.0.4, picomatch@^2.2.1:
  version "2.3.0"
  resolved "https://registry.yarnpkg.com/picomatch/-/picomatch-2.3.0.tgz#f1f061de8f6a4bf022892e2d128234fb98302972"
  integrity sha512-lY1Q/PiJGC2zOv/z391WOTD+Z02bCgsFfvxoXXf6h7kv9o+WmsmzYqrAwY63sNgOxE4xEdq0WyUnXfKeBrSvYw==

readdirp@~3.6.0:
  version "3.6.0"
  resolved "https://registry.yarnpkg.com/readdirp/-/readdirp-3.6.0.tgz#74a370bd857116e245b29cc97340cd431a02a6c7"
  integrity sha512-hOS089on8RduqdbhvQ5Z37A0ESjsqz6qnRcffsMU3495FuTdqSm+7bhJ29JvIOsBDEEnan5DPu9t3To9VRlMzA==
  dependencies:
    picomatch "^2.2.1"

sass@^1.49.0:
  version "1.49.0"
  resolved "https://registry.yarnpkg.com/sass/-/sass-1.49.0.tgz#65ec1b1d9a6bc1bae8d2c9d4b392c13f5d32c078"
  integrity sha512-TVwVdNDj6p6b4QymJtNtRS2YtLJ/CqZriGg0eIAbAKMlN8Xy6kbv33FsEZSF7FufFFM705SQviHjjThfaQ4VNw==
  dependencies:
    chokidar ">=3.0.0 <4.0.0"
    immutable "^4.0.0"
    source-map-js ">=0.6.2 <2.0.0"

"source-map-js@>=0.6.2 <2.0.0":
  version "1.0.1"
  resolved "https://registry.yarnpkg.com/source-map-js/-/source-map-js-1.0.1.tgz#a1741c131e3c77d048252adfa24e23b908670caf"
  integrity sha512-4+TN2b3tqOCd/kaGRJ/sTYA0tR0mdXx26ipdolxcwtJVqEnqNYvlCAt1q3ypy4QMlYus+Zh34RNtYLoq2oQ4IA==

to-regex-range@^5.0.1:
  version "5.0.1"
  resolved "https://registry.yarnpkg.com/to-regex-range/-/to-regex-range-5.0.1.tgz#1648c44aae7c8d988a326018ed72f5b4dd0392e4"
  integrity sha512-65P7iz6X5yEr1cwcgvQxbbIw7Uk3gOy5dIdtZ4rDveLqhrdJP+Li/Hx6tyK0NEb+2GCyneCMJiGqrADCSNk8sQ==
  dependencies:
    is-number "^7.0.0"
